
Microsoft Visual Studio Solution File, Format Version 11.00
# Visual Studio 2010 Express for Windows Phone
Project("{FAE04EC0-301F-11D3-BF4B-00C04F79EFBC}") = "ScheduledActions", "ScheduledActions\ScheduledActions.csproj", "{535438CB-7828-43CE-9D0A-96B2A72C36C9}"
EndProject
Project("{FAE04EC0-301F-11D3-BF4B-00C04F79EFBC}") = "NotificationsCleanupAgent", "NotificationsCleanupAgent\NotificationsCleanupAgent.csproj", "{AA67C848-E3DA-4615-B86A-359F469C8133}"
EndProject
Global
	GlobalSection(SolutionConfigurationPlatforms) = preSolution
		Debug|Any CPU = Debug|Any CPU
		Release|Any CPU = Release|Any CPU
	EndGlobalSection
	GlobalSection(ProjectConfigurationPlatforms) = postSolution
		{535438CB-7828-43CE-9D0A-96B2A72C36C9}.Debug|Any CPU.ActiveCfg = Debug|Any CPU
		{535438CB-7828-43CE-9D0A-96B2A72C36C9}.Debug|Any CPU.Build.0 = Debug|Any CPU
		{535438CB-7828-43CE-9D0A-96B2A72C36C9}.Debug|Any CPU.Deploy.0 = Debug|Any CPU
		{535438CB-7828-43CE-9D0A-96B2A72C36C9}.Release|Any CPU.ActiveCfg = Release|Any CPU
		{535438CB-7828-43CE-9D0A-96B2A72C36C9}.Release|Any CPU.Build.0 = Release|Any CPU
		{535438CB-7828-43CE-9D0A-96B2A72C36C9}.Release|Any CPU.Deploy.0 = Release|Any CPU
		{AA67C848-E3DA-4615-B86A-359F469C8133}.Debug|Any CPU.ActiveCfg = Debug|Any CPU
		{AA67C848-E3DA-4615-B86A-359F469C8133}.Debug|Any CPU.Build.0 = Debug|Any CPU
		{AA67C848-E3DA-4615-B86A-359F469C8133}.Release|Any CPU.ActiveCfg = Release|Any CPU
		{AA67C848-E3DA-4615-B86A-359F469C8133}.Release|Any CPU.Build.0 = Release|Any CPU
	EndGlobalSection
	GlobalSection(SolutionProperties) = preSolution
		HideSolutionNode = FALSE
	EndGlobalSection
EndGlobal
