
Microsoft Visual Studio Solution File, Format Version 11.00
# Visual Studio 2010
Project("{FAE04EC0-301F-11D3-BF4B-00C04F79EFBC}") = "MediaLibraryPicSample", "MediaLibraryPicSample\MediaLibraryPicSample.csproj", "{BE7F3AE0-9C4E-4AF4-B5F8-4A6406139242}"
EndProject
Global
	GlobalSection(SolutionConfigurationPlatforms) = preSolution
		Debug|Any CPU = Debug|Any CPU
		Release|Any CPU = Release|Any CPU
	EndGlobalSection
	GlobalSection(ProjectConfigurationPlatforms) = postSolution
		{BE7F3AE0-9C4E-4AF4-B5F8-4A6406139242}.Debug|Any CPU.ActiveCfg = Debug|Any CPU
		{BE7F3AE0-9C4E-4AF4-B5F8-4A6406139242}.Debug|Any CPU.Build.0 = Debug|Any CPU
		{BE7F3AE0-9C4E-4AF4-B5F8-4A6406139242}.Debug|Any CPU.Deploy.0 = Debug|Any CPU
		{BE7F3AE0-9C4E-4AF4-B5F8-4A6406139242}.Release|Any CPU.ActiveCfg = Release|Any CPU
		{BE7F3AE0-9C4E-4AF4-B5F8-4A6406139242}.Release|Any CPU.Build.0 = Release|Any CPU
		{BE7F3AE0-9C4E-4AF4-B5F8-4A6406139242}.Release|Any CPU.Deploy.0 = Release|Any CPU
	EndGlobalSection
	GlobalSection(SolutionProperties) = preSolution
		HideSolutionNode = FALSE
	EndGlobalSection
EndGlobal
