
Microsoft Visual Studio Solution File, Format Version 11.00
# Visual Studio 2010 Express for Windows Phone
Project("{FAE04EC0-301F-11D3-BF4B-00C04F79EFBC}") = "VoiceRecorder", "VoiceRecorder\VoiceRecorder.csproj", "{6DD198E7-D9BB-4F37-9E48-537D2B519714}"
EndProject
Project("{FAE04EC0-301F-11D3-BF4B-00C04F79EFBC}") = "VoiceRecorderPlaybackAgent", "VoiceRecorderPlaybackAgent\VoiceRecorderPlaybackAgent.csproj", "{F51257BF-0F33-4A08-B519-952E6F55B97B}"
EndProject
Global
	GlobalSection(SolutionConfigurationPlatforms) = preSolution
		Debug|Any CPU = Debug|Any CPU
		Release|Any CPU = Release|Any CPU
	EndGlobalSection
	GlobalSection(ProjectConfigurationPlatforms) = postSolution
		{6DD198E7-D9BB-4F37-9E48-537D2B519714}.Debug|Any CPU.ActiveCfg = Debug|Any CPU
		{6DD198E7-D9BB-4F37-9E48-537D2B519714}.Debug|Any CPU.Build.0 = Debug|Any CPU
		{6DD198E7-D9BB-4F37-9E48-537D2B519714}.Debug|Any CPU.Deploy.0 = Debug|Any CPU
		{6DD198E7-D9BB-4F37-9E48-537D2B519714}.Release|Any CPU.ActiveCfg = Release|Any CPU
		{6DD198E7-D9BB-4F37-9E48-537D2B519714}.Release|Any CPU.Build.0 = Release|Any CPU
		{6DD198E7-D9BB-4F37-9E48-537D2B519714}.Release|Any CPU.Deploy.0 = Release|Any CPU
		{F51257BF-0F33-4A08-B519-952E6F55B97B}.Debug|Any CPU.ActiveCfg = Debug|Any CPU
		{F51257BF-0F33-4A08-B519-952E6F55B97B}.Debug|Any CPU.Build.0 = Debug|Any CPU
		{F51257BF-0F33-4A08-B519-952E6F55B97B}.Release|Any CPU.ActiveCfg = Release|Any CPU
		{F51257BF-0F33-4A08-B519-952E6F55B97B}.Release|Any CPU.Build.0 = Release|Any CPU
	EndGlobalSection
	GlobalSection(SolutionProperties) = preSolution
		HideSolutionNode = FALSE
	EndGlobalSection
EndGlobal
