
Microsoft Visual Studio Solution File, Format Version 11.00
# Visual Studio 2010 Express for Windows Phone
Project("{FAE04EC0-301F-11D3-BF4B-00C04F79EFBC}") = "GraphicsWorld", "GraphicsWorld\GraphicsWorld.csproj", "{EBA9FC77-CF39-4C3E-B080-F9B032F578C1}"
EndProject
Project("{FAE04EC0-301F-11D3-BF4B-00C04F79EFBC}") = "GraphicsWorldLibrary", "GraphicsWorldLibrary\GraphicsWorldLibrary.csproj", "{06277A0B-CA1A-4356-8848-A227F50F2DA0}"
EndProject
Project("{96E2B04D-8817-42C6-938A-82C39BA4D311}") = "GraphicsWorldLibraryContent", "GraphicsWorldLibraryContent\GraphicsWorldLibraryContent.contentproj", "{C9C2850E-9712-47AD-A661-4A23416216FD}"
EndProject
Global
	GlobalSection(SolutionConfigurationPlatforms) = preSolution
		Debug|Any CPU = Debug|Any CPU
		Debug|Mixed Platforms = Debug|Mixed Platforms
		Debug|Windows Phone = Debug|Windows Phone
		Release|Any CPU = Release|Any CPU
		Release|Mixed Platforms = Release|Mixed Platforms
		Release|Windows Phone = Release|Windows Phone
	EndGlobalSection
	GlobalSection(ProjectConfigurationPlatforms) = postSolution
		{EBA9FC77-CF39-4C3E-B080-F9B032F578C1}.Debug|Any CPU.ActiveCfg = Debug|Any CPU
		{EBA9FC77-CF39-4C3E-B080-F9B032F578C1}.Debug|Any CPU.Build.0 = Debug|Any CPU
		{EBA9FC77-CF39-4C3E-B080-F9B032F578C1}.Debug|Any CPU.Deploy.0 = Debug|Any CPU
		{EBA9FC77-CF39-4C3E-B080-F9B032F578C1}.Debug|Mixed Platforms.ActiveCfg = Debug|Any CPU
		{EBA9FC77-CF39-4C3E-B080-F9B032F578C1}.Debug|Mixed Platforms.Build.0 = Debug|Any CPU
		{EBA9FC77-CF39-4C3E-B080-F9B032F578C1}.Debug|Mixed Platforms.Deploy.0 = Debug|Any CPU
		{EBA9FC77-CF39-4C3E-B080-F9B032F578C1}.Debug|Windows Phone.ActiveCfg = Debug|Any CPU
		{EBA9FC77-CF39-4C3E-B080-F9B032F578C1}.Release|Any CPU.ActiveCfg = Release|Any CPU
		{EBA9FC77-CF39-4C3E-B080-F9B032F578C1}.Release|Any CPU.Build.0 = Release|Any CPU
		{EBA9FC77-CF39-4C3E-B080-F9B032F578C1}.Release|Any CPU.Deploy.0 = Release|Any CPU
		{EBA9FC77-CF39-4C3E-B080-F9B032F578C1}.Release|Mixed Platforms.ActiveCfg = Release|Any CPU
		{EBA9FC77-CF39-4C3E-B080-F9B032F578C1}.Release|Mixed Platforms.Build.0 = Release|Any CPU
		{EBA9FC77-CF39-4C3E-B080-F9B032F578C1}.Release|Mixed Platforms.Deploy.0 = Release|Any CPU
		{EBA9FC77-CF39-4C3E-B080-F9B032F578C1}.Release|Windows Phone.ActiveCfg = Release|Any CPU
		{06277A0B-CA1A-4356-8848-A227F50F2DA0}.Debug|Any CPU.ActiveCfg = Debug|Windows Phone
		{06277A0B-CA1A-4356-8848-A227F50F2DA0}.Debug|Mixed Platforms.ActiveCfg = Debug|Windows Phone
		{06277A0B-CA1A-4356-8848-A227F50F2DA0}.Debug|Mixed Platforms.Build.0 = Debug|Windows Phone
		{06277A0B-CA1A-4356-8848-A227F50F2DA0}.Debug|Windows Phone.ActiveCfg = Debug|Windows Phone
		{06277A0B-CA1A-4356-8848-A227F50F2DA0}.Debug|Windows Phone.Build.0 = Debug|Windows Phone
		{06277A0B-CA1A-4356-8848-A227F50F2DA0}.Release|Any CPU.ActiveCfg = Release|Windows Phone
		{06277A0B-CA1A-4356-8848-A227F50F2DA0}.Release|Mixed Platforms.ActiveCfg = Release|Windows Phone
		{06277A0B-CA1A-4356-8848-A227F50F2DA0}.Release|Mixed Platforms.Build.0 = Release|Windows Phone
		{06277A0B-CA1A-4356-8848-A227F50F2DA0}.Release|Windows Phone.ActiveCfg = Release|Windows Phone
		{06277A0B-CA1A-4356-8848-A227F50F2DA0}.Release|Windows Phone.Build.0 = Release|Windows Phone
		{C9C2850E-9712-47AD-A661-4A23416216FD}.Debug|Any CPU.ActiveCfg = Debug|Any CPU
		{C9C2850E-9712-47AD-A661-4A23416216FD}.Debug|Mixed Platforms.ActiveCfg = Debug|Any CPU
		{C9C2850E-9712-47AD-A661-4A23416216FD}.Debug|Windows Phone.ActiveCfg = Debug|Any CPU
		{C9C2850E-9712-47AD-A661-4A23416216FD}.Release|Any CPU.ActiveCfg = Debug|Any CPU
		{C9C2850E-9712-47AD-A661-4A23416216FD}.Release|Mixed Platforms.ActiveCfg = Debug|Any CPU
		{C9C2850E-9712-47AD-A661-4A23416216FD}.Release|Windows Phone.ActiveCfg = Debug|Any CPU
	EndGlobalSection
	GlobalSection(SolutionProperties) = preSolution
		HideSolutionNode = FALSE
	EndGlobalSection
EndGlobal
