
Microsoft Visual Studio Solution File, Format Version 11.00
# Visual Studio 2010 Express for Windows Phone
Project("{FAE04EC0-301F-11D3-BF4B-00C04F79EFBC}") = "RichGraphicsWorld", "RichGraphicsWorld.csproj", "{FE4C873C-1E09-4C13-B313-7572A6DFEFE4}"
EndProject
Project("{FAE04EC0-301F-11D3-BF4B-00C04F79EFBC}") = "TemporyRichGraphicsWorldGame", "..\TemporyRichGraphicsWorldGame\TemporyRichGraphicsWorldGame\TemporyRichGraphicsWorldGame.csproj", "{836E3B50-38C9-4984-9D0B-F0FA628E1120}"
EndProject
Project("{96E2B04D-8817-42C6-938A-82C39BA4D311}") = "TemporyRichGraphicsWorldGameContent", "..\TemporyRichGraphicsWorldGame\TemporyRichGraphicsWorldGameContent\TemporyRichGraphicsWorldGameContent.contentproj", "{56D816D7-9637-4438-A015-E49BAE3D6A5D}"
EndProject
Global
	GlobalSection(SolutionConfigurationPlatforms) = preSolution
		Debug|Any CPU = Debug|Any CPU
		Debug|Mixed Platforms = Debug|Mixed Platforms
		Debug|Windows Phone = Debug|Windows Phone
		Release|Any CPU = Release|Any CPU
		Release|Mixed Platforms = Release|Mixed Platforms
		Release|Windows Phone = Release|Windows Phone
	EndGlobalSection
	GlobalSection(ProjectConfigurationPlatforms) = postSolution
		{FE4C873C-1E09-4C13-B313-7572A6DFEFE4}.Debug|Any CPU.ActiveCfg = Debug|Any CPU
		{FE4C873C-1E09-4C13-B313-7572A6DFEFE4}.Debug|Any CPU.Build.0 = Debug|Any CPU
		{FE4C873C-1E09-4C13-B313-7572A6DFEFE4}.Debug|Any CPU.Deploy.0 = Debug|Any CPU
		{FE4C873C-1E09-4C13-B313-7572A6DFEFE4}.Debug|Mixed Platforms.ActiveCfg = Debug|Any CPU
		{FE4C873C-1E09-4C13-B313-7572A6DFEFE4}.Debug|Mixed Platforms.Build.0 = Debug|Any CPU
		{FE4C873C-1E09-4C13-B313-7572A6DFEFE4}.Debug|Mixed Platforms.Deploy.0 = Debug|Any CPU
		{FE4C873C-1E09-4C13-B313-7572A6DFEFE4}.Debug|Windows Phone.ActiveCfg = Debug|Any CPU
		{FE4C873C-1E09-4C13-B313-7572A6DFEFE4}.Release|Any CPU.ActiveCfg = Release|Any CPU
		{FE4C873C-1E09-4C13-B313-7572A6DFEFE4}.Release|Any CPU.Build.0 = Release|Any CPU
		{FE4C873C-1E09-4C13-B313-7572A6DFEFE4}.Release|Any CPU.Deploy.0 = Release|Any CPU
		{FE4C873C-1E09-4C13-B313-7572A6DFEFE4}.Release|Mixed Platforms.ActiveCfg = Release|Any CPU
		{FE4C873C-1E09-4C13-B313-7572A6DFEFE4}.Release|Mixed Platforms.Build.0 = Release|Any CPU
		{FE4C873C-1E09-4C13-B313-7572A6DFEFE4}.Release|Mixed Platforms.Deploy.0 = Release|Any CPU
		{FE4C873C-1E09-4C13-B313-7572A6DFEFE4}.Release|Windows Phone.ActiveCfg = Release|Any CPU
		{836E3B50-38C9-4984-9D0B-F0FA628E1120}.Debug|Any CPU.ActiveCfg = Debug|Windows Phone
		{836E3B50-38C9-4984-9D0B-F0FA628E1120}.Debug|Mixed Platforms.ActiveCfg = Debug|Windows Phone
		{836E3B50-38C9-4984-9D0B-F0FA628E1120}.Debug|Mixed Platforms.Build.0 = Debug|Windows Phone
		{836E3B50-38C9-4984-9D0B-F0FA628E1120}.Debug|Mixed Platforms.Deploy.0 = Debug|Windows Phone
		{836E3B50-38C9-4984-9D0B-F0FA628E1120}.Debug|Windows Phone.ActiveCfg = Debug|Windows Phone
		{836E3B50-38C9-4984-9D0B-F0FA628E1120}.Debug|Windows Phone.Build.0 = Debug|Windows Phone
		{836E3B50-38C9-4984-9D0B-F0FA628E1120}.Debug|Windows Phone.Deploy.0 = Debug|Windows Phone
		{836E3B50-38C9-4984-9D0B-F0FA628E1120}.Release|Any CPU.ActiveCfg = Release|Windows Phone
		{836E3B50-38C9-4984-9D0B-F0FA628E1120}.Release|Mixed Platforms.ActiveCfg = Release|Windows Phone
		{836E3B50-38C9-4984-9D0B-F0FA628E1120}.Release|Mixed Platforms.Build.0 = Release|Windows Phone
		{836E3B50-38C9-4984-9D0B-F0FA628E1120}.Release|Mixed Platforms.Deploy.0 = Release|Windows Phone
		{836E3B50-38C9-4984-9D0B-F0FA628E1120}.Release|Windows Phone.ActiveCfg = Release|Windows Phone
		{836E3B50-38C9-4984-9D0B-F0FA628E1120}.Release|Windows Phone.Build.0 = Release|Windows Phone
		{836E3B50-38C9-4984-9D0B-F0FA628E1120}.Release|Windows Phone.Deploy.0 = Release|Windows Phone
		{56D816D7-9637-4438-A015-E49BAE3D6A5D}.Debug|Any CPU.ActiveCfg = Debug|Windows Phone
		{56D816D7-9637-4438-A015-E49BAE3D6A5D}.Debug|Mixed Platforms.ActiveCfg = Debug|Windows Phone
		{56D816D7-9637-4438-A015-E49BAE3D6A5D}.Debug|Windows Phone.ActiveCfg = Debug|Windows Phone
		{56D816D7-9637-4438-A015-E49BAE3D6A5D}.Release|Any CPU.ActiveCfg = Release|Windows Phone
		{56D816D7-9637-4438-A015-E49BAE3D6A5D}.Release|Mixed Platforms.ActiveCfg = Release|Windows Phone
		{56D816D7-9637-4438-A015-E49BAE3D6A5D}.Release|Windows Phone.ActiveCfg = Release|Windows Phone
	EndGlobalSection
	GlobalSection(SolutionProperties) = preSolution
		HideSolutionNode = FALSE
	EndGlobalSection
EndGlobal
