
Microsoft Visual Studio Solution File, Format Version 11.00
# Visual Studio 2010 Express for Windows Phone
Project("{FAE04EC0-301F-11D3-BF4B-00C04F79EFBC}") = "MapsTasks", "MapsTasks.csproj", "{F6C14573-744E-4E1A-B566-16C6E466AD48}"
EndProject
Global
	GlobalSection(SolutionConfigurationPlatforms) = preSolution
		Debug|Any CPU = Debug|Any CPU
		Release|Any CPU = Release|Any CPU
	EndGlobalSection
	GlobalSection(ProjectConfigurationPlatforms) = postSolution
		{F6C14573-744E-4E1A-B566-16C6E466AD48}.Debug|Any CPU.ActiveCfg = Debug|Any CPU
		{F6C14573-744E-4E1A-B566-16C6E466AD48}.Debug|Any CPU.Build.0 = Debug|Any CPU
		{F6C14573-744E-4E1A-B566-16C6E466AD48}.Debug|Any CPU.Deploy.0 = Debug|Any CPU
		{F6C14573-744E-4E1A-B566-16C6E466AD48}.Release|Any CPU.ActiveCfg = Release|Any CPU
		{F6C14573-744E-4E1A-B566-16C6E466AD48}.Release|Any CPU.Build.0 = Release|Any CPU
		{F6C14573-744E-4E1A-B566-16C6E466AD48}.Release|Any CPU.Deploy.0 = Release|Any CPU
	EndGlobalSection
	GlobalSection(SolutionProperties) = preSolution
		HideSolutionNode = FALSE
	EndGlobalSection
EndGlobal
