
Microsoft Visual Studio Solution File, Format Version 11.00
# Visual Studio 2010
Project("{FAE04EC0-301F-11D3-BF4B-00C04F79EFBC}") = "HttpSample", "HttpSample\HttpSample.csproj", "{3B71496F-C89B-45BB-80D1-0A32A7E89D0B}"
EndProject
Global
	GlobalSection(SolutionConfigurationPlatforms) = preSolution
		Debug|Any CPU = Debug|Any CPU
		Release|Any CPU = Release|Any CPU
	EndGlobalSection
	GlobalSection(ProjectConfigurationPlatforms) = postSolution
		{3B71496F-C89B-45BB-80D1-0A32A7E89D0B}.Debug|Any CPU.ActiveCfg = Debug|Any CPU
		{3B71496F-C89B-45BB-80D1-0A32A7E89D0B}.Debug|Any CPU.Build.0 = Debug|Any CPU
		{3B71496F-C89B-45BB-80D1-0A32A7E89D0B}.Debug|Any CPU.Deploy.0 = Debug|Any CPU
		{3B71496F-C89B-45BB-80D1-0A32A7E89D0B}.Release|Any CPU.ActiveCfg = Release|Any CPU
		{3B71496F-C89B-45BB-80D1-0A32A7E89D0B}.Release|Any CPU.Build.0 = Release|Any CPU
		{3B71496F-C89B-45BB-80D1-0A32A7E89D0B}.Release|Any CPU.Deploy.0 = Release|Any CPU
	EndGlobalSection
	GlobalSection(SolutionProperties) = preSolution
		HideSolutionNode = FALSE
	EndGlobalSection
EndGlobal
