
Microsoft Visual Studio Solution File, Format Version 11.00
# Visual Studio 2010 Express for Windows Phone
Project("{FAE04EC0-301F-11D3-BF4B-00C04F79EFBC}") = "NotificationClient", "NotificationClient\NotificationClient.csproj", "{AA8E2B44-E129-4A9D-989B-3DE5D5E87240}"
EndProject
Project("{FAE04EC0-301F-11D3-BF4B-00C04F79EFBC}") = "NotificationSimulator", "NotificationSimulator\NotificationSimulator.csproj", "{3FA35BA4-77DF-412D-AA8B-354E653F84AF}"
EndProject
Global
	GlobalSection(SolutionConfigurationPlatforms) = preSolution
		Debug|Any CPU = Debug|Any CPU
		Release|Any CPU = Release|Any CPU
	EndGlobalSection
	GlobalSection(ProjectConfigurationPlatforms) = postSolution
		{AA8E2B44-E129-4A9D-989B-3DE5D5E87240}.Debug|Any CPU.ActiveCfg = Debug|Any CPU
		{AA8E2B44-E129-4A9D-989B-3DE5D5E87240}.Debug|Any CPU.Build.0 = Debug|Any CPU
		{AA8E2B44-E129-4A9D-989B-3DE5D5E87240}.Debug|Any CPU.Deploy.0 = Debug|Any CPU
		{AA8E2B44-E129-4A9D-989B-3DE5D5E87240}.Release|Any CPU.ActiveCfg = Release|Any CPU
		{AA8E2B44-E129-4A9D-989B-3DE5D5E87240}.Release|Any CPU.Build.0 = Release|Any CPU
		{AA8E2B44-E129-4A9D-989B-3DE5D5E87240}.Release|Any CPU.Deploy.0 = Release|Any CPU
		{3FA35BA4-77DF-412D-AA8B-354E653F84AF}.Debug|Any CPU.ActiveCfg = Debug|Any CPU
		{3FA35BA4-77DF-412D-AA8B-354E653F84AF}.Debug|Any CPU.Build.0 = Debug|Any CPU
		{3FA35BA4-77DF-412D-AA8B-354E653F84AF}.Debug|Any CPU.Deploy.0 = Debug|Any CPU
		{3FA35BA4-77DF-412D-AA8B-354E653F84AF}.Release|Any CPU.ActiveCfg = Release|Any CPU
		{3FA35BA4-77DF-412D-AA8B-354E653F84AF}.Release|Any CPU.Build.0 = Release|Any CPU
		{3FA35BA4-77DF-412D-AA8B-354E653F84AF}.Release|Any CPU.Deploy.0 = Release|Any CPU
	EndGlobalSection
	GlobalSection(SolutionProperties) = preSolution
		HideSolutionNode = FALSE
	EndGlobalSection
EndGlobal
